{
  "originHash" : "2174eaf93f622d57be865cd78b51b72620c12528f1f0957292620977c4d69891",
  "pins" : [
    {
      "identity" : "realm-core",
      "kind" : "remoteSourceControl",
      "location" : "https://github.com/realm/realm-core.git",
      "state" : {
        "revision" : "85eeca41654cc9070ad81a21a4b1d153ad467c33",
        "version" : "14.13.1"
      }
    },
    {
      "identity" : "realm-swift",
      "kind" : "remoteSourceControl",
      "location" : "https://github.com/realm/realm-swift",
      "state" : {
        "revision" : "a3abcdf95a3176f5ad990239920aad4ef86e00de",
        "version" : "10.54.2"
      }
    }
  ],
  "version" : 3
}
